{
  "version": 4,
  "terraform_version": "1.3.6",
  "serial": 113,
  "lineage": "a0cfd1e3-2d6d-0663-b883-3b7f7da44c2f",
  "outputs": {
    "igw_id": {
      "value": "igw-093003395c9fa76a6",
      "type": "string"
    },
    "key_id": {
      "value": "opensearch",
      "type": "string"
    },
    "master_instance_id": {
      "value": "i-06497a237ec1321fd",
      "type": "string"
    },
    "nat_id": {
      "value": "nat-06c079003ddfc2c2e",
      "type": "string"
    },
    "node1_instance_id": {
      "value": "i-007b0030beed6ce2a",
      "type": "string"
    },
    "node2_instance_id": {
      "value": "i-0774bca5b0d5ba342",
      "type": "string"
    },
    "private_sg_id": {
      "value": "sg-0a837fbbbf7891961",
      "type": "string"
    },
    "private_subnet_id": {
      "value": "subnet-02955e835666d0cdc",
      "type": "string"
    },
    "public_sg_id": {
      "value": "sg-0af99e3c9c96fe8d9",
      "type": "string"
    },
    "public_subnet_id": {
      "value": "subnet-0ef089adcd82adbd4",
      "type": "string"
    },
    "vpc_id": {
      "value": "vpc-035a9d479e42ca204",
      "type": "string"
    }
  },
  "resources": [
    {
      "module": "module.access_key",
      "mode": "managed",
      "type": "aws_key_pair",
      "name": "keypair",
      "provider": "provider[\"registry.terraform.io/hashicorp/aws\"]",
      "instances": [
        {
          "schema_version": 1,
          "attributes": {
            "arn": "arn:aws:ec2:us-east-1:391112142601:key-pair/opensearch",
            "fingerprint": "06:a5:7a:11:dc:85:f8:d8:16:ae:b8:13:8f:50:7e:57",
            "id": "opensearch",
            "key_name": "opensearch",
            "key_name_prefix": "",
            "key_pair_id": "key-0b10fd10b5e19e5b0",
            "key_type": "rsa",
            "public_key": "ssh-rsa AAAAB3NzaC1yc2EAAAADAQABAAACAQDSXiaMSByeNED3cXE/CK802VcLHiP3QYLEnqhkblhi1Lu2pel99hndxD51h9Wnjt4BAVIOFU9sHeQR9J0jnM+6yWhhhjH1HkzN0eOURFZOEaM2zs+DcSz1hJHXzOcMMR4XsL+LgnHpbjNyS9NktZOnQrpbRi0hQjKc5TpbmibDhIRBn9odR6HqbcXRgOrwDkaZWuIh/74O4TIQU05txzWpO10f0Fipn3oT+Uv6UIUuQ0g7JC1Oj+lxodomiuKk++To7Ybsn+lE6MUNLJQp92h0zXSZRcQmNBw++7hEvsfHZaVXX9iK4roWw5LyMY69fbc6HG1Ak4bwq5s5HRGruLxb38TuTeLoJFtzbFRY5Z3ij6Q5YQGPqEtOVqZc6xz58ct+4Ztqt7VSisC9UeQBHWlmNeM0elwuwCe8Pp0koWeAAv3Cy2ytY+rAkwX1AOVVHOHU1jkKk2XhJ6Tmch9EotJ3JtdCcryA2CkKvIDNr63an8HCajoZeY/lrzPLblrLo8/VILnnp5HgHlvsQtqj9t7Xx7IonawEk/4tKlYxUFDFGVhN0tUxuj/BTeCE8/E8bb9HBEdnUnsehn5vKxQpXrzz14iG2GHn4c1gDERlhe2wAa9/+Y3YIt6bMXT/X3WIqq1uHeVrq+co9QvynUT6ha/ronNAwib7/sTkSctZ07C8Gw==",
            "tags": null,
            "tags_all": {}
          },
          "sensitive_attributes": [],
          "private": "eyJzY2hlbWFfdmVyc2lvbiI6IjEifQ==",
          "dependencies": [
            "module.access_key.tls_private_key.rsa"
          ]
        }
      ]
    },
    {
      "module": "module.access_key",
      "mode": "managed",
      "type": "local_file",
      "name": "keypair",
      "provider": "provider[\"registry.terraform.io/hashicorp/local\"]",
      "instances": [
        {
          "schema_version": 0,
          "attributes": {
            "content": "-----BEGIN RSA PRIVATE KEY-----\nMIIJKAIBAAKCAgEA0l4mjEgcnjRA93FxPwivNNlXCx4j90GCxJ6oZG5YYtS7tqXp\nffYZ3cQ+dYfVp47eAQFSDhVPbB3kEfSdI5zPusloYYYx9R5MzdHjlERWThGjNs7P\ng3Es9YSR18znDDEeF7C/i4Jx6W4zckvTZLWTp0K6W0YtIUIynOU6W5omw4SEQZ/a\nHUeh6m3F0YDq8A5GmVriIf++DuEyEFNObcc1qTtdH9BYqZ96E/lL+lCFLkNIOyQt\nTo/pcaHaJoripPvk6O2G7J/pROjFDSyUKfdodM10mUXEJjQcPvu4RL7Hx2WlV1/Y\niuK6FsOS8jGOvX23OhxtQJOG8KubOR0Rq7i8W9/E7k3i6CRbc2xUWOWd4o+kOWEB\nj6hLTlamXOsc+fHLfuGbare1UorAvVHkAR1pZjXjNHpcLsAnvD6dJKFngAL9wsts\nrWPqwJMF9QDlVRzh1NY5CpNl4Sek5nIfRKLSdybXQnK8gNgpCryAza+t2p/Bwmo6\nGXmP5a8zy25ay6PP1SC556eR4B5b7ELao/be18eyKJ2sBJP+LSpWMVBQxRlYTdLV\nMbo/wU3ghPPxPG2/RwRHZ1J7HoZ+bysUKV6889eIhthh5+HNYAxEZYXtsAGvf/mN\n2CLemzF0/191iKqtbh3la6vnKPUL8p1E+oWv66JzQMIm+/7E5EnLWdOwvBsCAwEA\nAQKCAgA4Rq+RP4lIWTo398UP08brIGlEtB9y+bd92eO6WjqS1c4RonjAFaH9zY3X\n6yqg1HtXUX8d/V1t0uE8XG/dIwn/MfoWfMvIgv6Q4OE8vLtJzzYWZ2TkCNa6J2jM\njigQ/uLJ+6KCM7c9dxmULeyzOE/zosovuKpCB296wWfHMYnFLCIlXBoBUzRhflQ5\nI3+2EFuaktGDvuKdIGlALMkCXRRh3VugMyBE4EDMLxjAMeIu6hjcmWT1a1JL77xo\nKydOc4RdO42op27D3HE6gP5x65mqBXx3tE4w2ifkQXqeCVtwYCTHJwDKxrR5eoBJ\nAjDpSERH62rep5ilsYKo2LntclIQ1XFBRjPZkpnHgDeFvF2/sm0T9EH9huSOt1AN\nMT2GkrdPHgOvYbpBm//EX4HqXHfb8bLZmz3Xf8kqln2r9yLLJACQE3cuu70fM0W/\nHNTRfYMM/BbsYGkSKFKyIWNLq14QlWfz4MgUaQKXE3U53o8wS955sM3HhnXuYg02\nR1msRx4M3RtqK+ynrNOEwEhjhbszIFlN7TcjrlBxZwhCQyDnCgN8grFwyYuqUVgp\nqzj75/a039NC7xUqsMioLEYmvhIpUQzrDWW7/XVEy7n/oINemJ+clOXP5p8jn2p1\n4TNlDQwmGm6dcRYomu4VcTtaFhxFI6Das+hiDdaW8i4v7GijAQKCAQEA99z+XxFV\nIbe5IaaB1hisesG14ez8/tNnG1qrYGHzg7Qcs6K7ZGFZg/iIqrhNMcgjvPqA3J1k\n7kG0ucEL8yZmwvjRTov/L7CVuZM3HK6xKI2X67NJtLkDRngEf1H4qLZikUGj8VYI\n8RBgKyiWBMPOoEjZ8mbhnipkxiZiorlSW59wUEcxGTNPoYxJRMl7aOoQIMZ6BDXL\nXhVvYUtJL3XVIwKORpjZVfFBEB2xEWjfr5EUEUlKCW9F+X2uO9Br3gcTxq8i7m9m\nrkVomyHumjGc3R2u9GWmc5kHs1TQ4dZs8iQn4nzskvEBEPqirOmgCcicvEha/g2O\ne5z8+BFbSpTkIQKCAQEA2UYM6THzK/Fv998bhA0B+sPuia6gMxq4Rh56j8W3ZrRb\nJr8TH44ZDywxoFyt7ZVWqJZMfxbinox0vviuIjYVtG4EaVJtGG1n/wx+bFy/I2XI\nOwJjXoITL23LwJvtUWdPWZeWFYWy79BMU5p9laNy7PmdirLMF3n+BPohS+TwmNDW\n5XiBiCMNkyJvet3/DeMg2MtZdoTA/JwOdCb7WnULBU8NjGHorFEDs6ZH5CEcTjvL\ntMlj+4m/HXRFCexCnDUJi/CEpYpm/PXMUprpAyu0WPy+NJt6kiP1hYNWrhTEOFB0\nzbVc0RFZWJwVP9Z8g6MoWgTXGDguDKM/rbOn0isYuwKCAQEAjMKB6rdLI2TUzBll\nLpLAkM4lXnJZktW3fj9Vh9zYj/jfO9y0kuL+FQY1hs43eIfyU8XnHGJ+CRhjbAIH\nqUQro5nuM68pconT3ZmO+Mj0btVKa15cAzf2djR+SVfh4N4Cx/8A/XMgjNYB50Cb\nQYV5eGkm7JQkmM/2ftkZttOLw+CdxdlINsl+9X1Xtqq9XO1fz10nufBa18lQgW5h\n14QRUFqJNepjsnzZuC9EeWCXd3rqbI60bvs0P+Vx5yILwAFA59pZ+hJlu55LM55n\nhEWcka3jx4NarddAGkWWgkplgHWr+OF88E3RjzTm4U+jxSqaaAqnMhO80NJsjuw8\nbfR0QQKCAQBDfu5t1vWK1iMJZoa+u+e8hfdpUBU2KvvJ1JgQZ8R0pFyYqc0ABX2l\nZ/42qfPiFX1pO9+hr3NQ+6Mc3FYEDLcraO335gI8D2i6I6B2e01paqoMIs7JwjDB\nkCM2v3m2yxgsZdna78DJnPTJF/ohbTg7g8O8HZUnSd9unmGPmRxg7KeFe60JpJIH\n/i+RhLtCDifbETjGh7EICFa5II7+59M3n/o+fP/x3+z9dw9oQBzx9MNwcwubTYxQ\nUxlLXtjGe/duQJaEcn1R4e3KT5NJR99rsYBJCW/HTGJuSoG37H2UXPIcIVYnIHOY\nAkzbmv7tSdc0N8K2JGWxyVjz1haxRHAXAoIBAGjCmzfHe2JgXiR7zKAphKN5sSpO\nznjkUFqj1CfXJGjuMUJGmpPWqXykimwmar1UKEFIwbk6xHxdTd8M6MUUcfyGWmuZ\nwY4fevNs2J4V8D0TmOYdBrkc6TiRVd5jZAuWA1z9milHfMeNFjfKbMCA436nbY36\nHnikVx0FdWqD+wj+m0axYln5OG7Ue316W9ULdxTdraYpmCAY6UhzZj6o6d4ySrpy\nR2P4VfNoOr/wIiRlKaOYcB2P44LBIiHRDjtTK0fs1uQb0sPOm1tacl6mQGxdyCSQ\ncV2SvzYvReJUpCjtsKD6rfI2OMa9Xl5tiqP3SLJHdvWdL5j6vie47Xr9lGI=\n-----END RSA PRIVATE KEY-----\n",
            "content_base64": null,
            "directory_permission": "0777",
            "file_permission": "0400",
            "filename": "C:/Users/Dheerandra/Downloads/virginia.pem",
            "id": "0a94ae344faffbe4e20d3a0ad6ffbbe1f42264a5",
            "sensitive_content": null,
            "source": null
          },
          "sensitive_attributes": [
            [
              {
                "type": "get_attr",
                "value": "content"
              }
            ]
          ],
          "private": "bnVsbA==",
          "dependencies": [
            "module.access_key.tls_private_key.rsa"
          ]
        }
      ]
    },
    {
      "module": "module.access_key",
      "mode": "managed",
      "type": "tls_private_key",
      "name": "rsa",
      "provider": "provider[\"registry.terraform.io/hashicorp/tls\"]",
      "instances": [
        {
          "schema_version": 1,
          "attributes": {
            "algorithm": "RSA",
            "ecdsa_curve": "P224",
            "id": "b8a72b84798c3b045b4b64bc172373cb05be0d9c",
            "private_key_openssh": "-----BEGIN OPENSSH PRIVATE KEY-----\nb3BlbnNzaC1rZXktdjEAAAAABG5vbmUAAAAEbm9uZQAAAAAAAAABAAACFwAAAAdz\nc2gtcnNhAAAAAwEAAQAAAgEA0l4mjEgcnjRA93FxPwivNNlXCx4j90GCxJ6oZG5Y\nYtS7tqXpffYZ3cQ+dYfVp47eAQFSDhVPbB3kEfSdI5zPusloYYYx9R5MzdHjlERW\nThGjNs7Pg3Es9YSR18znDDEeF7C/i4Jx6W4zckvTZLWTp0K6W0YtIUIynOU6W5om\nw4SEQZ/aHUeh6m3F0YDq8A5GmVriIf++DuEyEFNObcc1qTtdH9BYqZ96E/lL+lCF\nLkNIOyQtTo/pcaHaJoripPvk6O2G7J/pROjFDSyUKfdodM10mUXEJjQcPvu4RL7H\nx2WlV1/YiuK6FsOS8jGOvX23OhxtQJOG8KubOR0Rq7i8W9/E7k3i6CRbc2xUWOWd\n4o+kOWEBj6hLTlamXOsc+fHLfuGbare1UorAvVHkAR1pZjXjNHpcLsAnvD6dJKFn\ngAL9wstsrWPqwJMF9QDlVRzh1NY5CpNl4Sek5nIfRKLSdybXQnK8gNgpCryAza+t\n2p/Bwmo6GXmP5a8zy25ay6PP1SC556eR4B5b7ELao/be18eyKJ2sBJP+LSpWMVBQ\nxRlYTdLVMbo/wU3ghPPxPG2/RwRHZ1J7HoZ+bysUKV6889eIhthh5+HNYAxEZYXt\nsAGvf/mN2CLemzF0/191iKqtbh3la6vnKPUL8p1E+oWv66JzQMIm+/7E5EnLWdOw\nvBsAAAc4SmEsSkphLEoAAAAHc3NoLXJzYQAAAgEA0l4mjEgcnjRA93FxPwivNNlX\nCx4j90GCxJ6oZG5YYtS7tqXpffYZ3cQ+dYfVp47eAQFSDhVPbB3kEfSdI5zPuslo\nYYYx9R5MzdHjlERWThGjNs7Pg3Es9YSR18znDDEeF7C/i4Jx6W4zckvTZLWTp0K6\nW0YtIUIynOU6W5omw4SEQZ/aHUeh6m3F0YDq8A5GmVriIf++DuEyEFNObcc1qTtd\nH9BYqZ96E/lL+lCFLkNIOyQtTo/pcaHaJoripPvk6O2G7J/pROjFDSyUKfdodM10\nmUXEJjQcPvu4RL7Hx2WlV1/YiuK6FsOS8jGOvX23OhxtQJOG8KubOR0Rq7i8W9/E\n7k3i6CRbc2xUWOWd4o+kOWEBj6hLTlamXOsc+fHLfuGbare1UorAvVHkAR1pZjXj\nNHpcLsAnvD6dJKFngAL9wstsrWPqwJMF9QDlVRzh1NY5CpNl4Sek5nIfRKLSdybX\nQnK8gNgpCryAza+t2p/Bwmo6GXmP5a8zy25ay6PP1SC556eR4B5b7ELao/be18ey\nKJ2sBJP+LSpWMVBQxRlYTdLVMbo/wU3ghPPxPG2/RwRHZ1J7HoZ+bysUKV6889eI\nhthh5+HNYAxEZYXtsAGvf/mN2CLemzF0/191iKqtbh3la6vnKPUL8p1E+oWv66Jz\nQMIm+/7E5EnLWdOwvBsAAAADAQABAAACADhGr5E/iUhZOjf3xQ/TxusgaUS0H3L5\nt33Z47paOpLVzhGieMAVof3NjdfrKqDUe1dRfx39XW3S4Txcb90jCf8x+hZ8y8iC\n/pDg4Ty8u0nPNhZnZOQI1ronaMyOKBD+4sn7ooIztz13GZQt7LM4T/Oiyi+4qkIH\nb3rBZ8cxicUsIiVcGgFTNGF+VDkjf7YQW5qS0YO+4p0gaUAsyQJdFGHdW6AzIETg\nQMwvGMAx4i7qGNyZZPVrUkvvvGgrJ05zhF07jainbsPccTqA/nHrmaoFfHe0TjDa\nJ+RBep4JW3BgJMcnAMrGtHl6gEkCMOlIREfrat6nmKWxgqjYue1yUhDVcUFGM9mS\nmceAN4W8Xb+ybRP0Qf2G5I63UA0xPYaSt08eA69hukGb/8Rfgepcd9vxstmbPdd/\nySqWfav3IsskAJATdy67vR8zRb8c1NF9gwz8FuxgaRIoUrIhY0urXhCVZ/PgyBRp\nApcTdTnejzBL3nmwzceGde5iDTZHWaxHHgzdG2or7Kes04TASGOFuzMgWU3tNyOu\nUHFnCEJDIOcKA3yCsXDJi6pRWCmrOPvn9rTf00LvFSqwyKgsRia+EilRDOsNZbv9\ndUTLuf+gg16Yn5yU5c/mnyOfanXhM2UNDCYabp1xFiia7hVxO1oWHEUjoNqz6GIN\n1pbyLi/saKMBAAABAGjCmzfHe2JgXiR7zKAphKN5sSpOznjkUFqj1CfXJGjuMUJG\nmpPWqXykimwmar1UKEFIwbk6xHxdTd8M6MUUcfyGWmuZwY4fevNs2J4V8D0TmOYd\nBrkc6TiRVd5jZAuWA1z9milHfMeNFjfKbMCA436nbY36HnikVx0FdWqD+wj+m0ax\nYln5OG7Ue316W9ULdxTdraYpmCAY6UhzZj6o6d4ySrpyR2P4VfNoOr/wIiRlKaOY\ncB2P44LBIiHRDjtTK0fs1uQb0sPOm1tacl6mQGxdyCSQcV2SvzYvReJUpCjtsKD6\nrfI2OMa9Xl5tiqP3SLJHdvWdL5j6vie47Xr9lGIAAAEBAPfc/l8RVSG3uSGmgdYY\nrHrBteHs/P7TZxtaq2Bh84O0HLOiu2RhWYP4iKq4TTHII7z6gNydZO5BtLnBC/Mm\nZsL40U6L/y+wlbmTNxyusSiNl+uzSbS5A0Z4BH9R+Ki2YpFBo/FWCPEQYCsolgTD\nzqBI2fJm4Z4qZMYmYqK5UlufcFBHMRkzT6GMSUTJe2jqECDGegQ1y14Vb2FLSS91\n1SMCjkaY2VXxQRAdsRFo36+RFBFJSglvRfl9rjvQa94HE8avIu5vZq5FaJsh7pox\nnN0drvRlpnOZB7NU0OHWbPIkJ+J87JLxARD6oqzpoAnInLxIWv4Njnuc/PgRW0qU\n5CEAAAEBANlGDOkx8yvxb/ffG4QNAfrD7omuoDMauEYeeo/Ft2a0Wya/Ex+OGQ8s\nMaBcre2VVqiWTH8W4p6MdL74riI2FbRuBGlSbRhtZ/8MfmxcvyNlyDsCY16CEy9t\ny8Cb7VFnT1mXlhWFsu/QTFOafZWjcuz5nYqyzBd5/gT6IUvk8JjQ1uV4gYgjDZMi\nb3rd/w3jINjLWXaEwPycDnQm+1p1CwVPDYxh6KxRA7OmR+QhHE47y7TJY/uJvx10\nRQnsQpw1CYvwhKWKZvz1zFKa6QMrtFj8vjSbepIj9YWDVq4UxDhQdM21XNERWVic\nFT/WfIOjKFoE1xg4LgyjP62zp9IrGLsAAAAAAQID\n-----END OPENSSH PRIVATE KEY-----\n",
            "private_key_pem": "-----BEGIN RSA PRIVATE KEY-----\nMIIJKAIBAAKCAgEA0l4mjEgcnjRA93FxPwivNNlXCx4j90GCxJ6oZG5YYtS7tqXp\nffYZ3cQ+dYfVp47eAQFSDhVPbB3kEfSdI5zPusloYYYx9R5MzdHjlERWThGjNs7P\ng3Es9YSR18znDDEeF7C/i4Jx6W4zckvTZLWTp0K6W0YtIUIynOU6W5omw4SEQZ/a\nHUeh6m3F0YDq8A5GmVriIf++DuEyEFNObcc1qTtdH9BYqZ96E/lL+lCFLkNIOyQt\nTo/pcaHaJoripPvk6O2G7J/pROjFDSyUKfdodM10mUXEJjQcPvu4RL7Hx2WlV1/Y\niuK6FsOS8jGOvX23OhxtQJOG8KubOR0Rq7i8W9/E7k3i6CRbc2xUWOWd4o+kOWEB\nj6hLTlamXOsc+fHLfuGbare1UorAvVHkAR1pZjXjNHpcLsAnvD6dJKFngAL9wsts\nrWPqwJMF9QDlVRzh1NY5CpNl4Sek5nIfRKLSdybXQnK8gNgpCryAza+t2p/Bwmo6\nGXmP5a8zy25ay6PP1SC556eR4B5b7ELao/be18eyKJ2sBJP+LSpWMVBQxRlYTdLV\nMbo/wU3ghPPxPG2/RwRHZ1J7HoZ+bysUKV6889eIhthh5+HNYAxEZYXtsAGvf/mN\n2CLemzF0/191iKqtbh3la6vnKPUL8p1E+oWv66JzQMIm+/7E5EnLWdOwvBsCAwEA\nAQKCAgA4Rq+RP4lIWTo398UP08brIGlEtB9y+bd92eO6WjqS1c4RonjAFaH9zY3X\n6yqg1HtXUX8d/V1t0uE8XG/dIwn/MfoWfMvIgv6Q4OE8vLtJzzYWZ2TkCNa6J2jM\njigQ/uLJ+6KCM7c9dxmULeyzOE/zosovuKpCB296wWfHMYnFLCIlXBoBUzRhflQ5\nI3+2EFuaktGDvuKdIGlALMkCXRRh3VugMyBE4EDMLxjAMeIu6hjcmWT1a1JL77xo\nKydOc4RdO42op27D3HE6gP5x65mqBXx3tE4w2ifkQXqeCVtwYCTHJwDKxrR5eoBJ\nAjDpSERH62rep5ilsYKo2LntclIQ1XFBRjPZkpnHgDeFvF2/sm0T9EH9huSOt1AN\nMT2GkrdPHgOvYbpBm//EX4HqXHfb8bLZmz3Xf8kqln2r9yLLJACQE3cuu70fM0W/\nHNTRfYMM/BbsYGkSKFKyIWNLq14QlWfz4MgUaQKXE3U53o8wS955sM3HhnXuYg02\nR1msRx4M3RtqK+ynrNOEwEhjhbszIFlN7TcjrlBxZwhCQyDnCgN8grFwyYuqUVgp\nqzj75/a039NC7xUqsMioLEYmvhIpUQzrDWW7/XVEy7n/oINemJ+clOXP5p8jn2p1\n4TNlDQwmGm6dcRYomu4VcTtaFhxFI6Das+hiDdaW8i4v7GijAQKCAQEA99z+XxFV\nIbe5IaaB1hisesG14ez8/tNnG1qrYGHzg7Qcs6K7ZGFZg/iIqrhNMcgjvPqA3J1k\n7kG0ucEL8yZmwvjRTov/L7CVuZM3HK6xKI2X67NJtLkDRngEf1H4qLZikUGj8VYI\n8RBgKyiWBMPOoEjZ8mbhnipkxiZiorlSW59wUEcxGTNPoYxJRMl7aOoQIMZ6BDXL\nXhVvYUtJL3XVIwKORpjZVfFBEB2xEWjfr5EUEUlKCW9F+X2uO9Br3gcTxq8i7m9m\nrkVomyHumjGc3R2u9GWmc5kHs1TQ4dZs8iQn4nzskvEBEPqirOmgCcicvEha/g2O\ne5z8+BFbSpTkIQKCAQEA2UYM6THzK/Fv998bhA0B+sPuia6gMxq4Rh56j8W3ZrRb\nJr8TH44ZDywxoFyt7ZVWqJZMfxbinox0vviuIjYVtG4EaVJtGG1n/wx+bFy/I2XI\nOwJjXoITL23LwJvtUWdPWZeWFYWy79BMU5p9laNy7PmdirLMF3n+BPohS+TwmNDW\n5XiBiCMNkyJvet3/DeMg2MtZdoTA/JwOdCb7WnULBU8NjGHorFEDs6ZH5CEcTjvL\ntMlj+4m/HXRFCexCnDUJi/CEpYpm/PXMUprpAyu0WPy+NJt6kiP1hYNWrhTEOFB0\nzbVc0RFZWJwVP9Z8g6MoWgTXGDguDKM/rbOn0isYuwKCAQEAjMKB6rdLI2TUzBll\nLpLAkM4lXnJZktW3fj9Vh9zYj/jfO9y0kuL+FQY1hs43eIfyU8XnHGJ+CRhjbAIH\nqUQro5nuM68pconT3ZmO+Mj0btVKa15cAzf2djR+SVfh4N4Cx/8A/XMgjNYB50Cb\nQYV5eGkm7JQkmM/2ftkZttOLw+CdxdlINsl+9X1Xtqq9XO1fz10nufBa18lQgW5h\n14QRUFqJNepjsnzZuC9EeWCXd3rqbI60bvs0P+Vx5yILwAFA59pZ+hJlu55LM55n\nhEWcka3jx4NarddAGkWWgkplgHWr+OF88E3RjzTm4U+jxSqaaAqnMhO80NJsjuw8\nbfR0QQKCAQBDfu5t1vWK1iMJZoa+u+e8hfdpUBU2KvvJ1JgQZ8R0pFyYqc0ABX2l\nZ/42qfPiFX1pO9+hr3NQ+6Mc3FYEDLcraO335gI8D2i6I6B2e01paqoMIs7JwjDB\nkCM2v3m2yxgsZdna78DJnPTJF/ohbTg7g8O8HZUnSd9unmGPmRxg7KeFe60JpJIH\n/i+RhLtCDifbETjGh7EICFa5II7+59M3n/o+fP/x3+z9dw9oQBzx9MNwcwubTYxQ\nUxlLXtjGe/duQJaEcn1R4e3KT5NJR99rsYBJCW/HTGJuSoG37H2UXPIcIVYnIHOY\nAkzbmv7tSdc0N8K2JGWxyVjz1haxRHAXAoIBAGjCmzfHe2JgXiR7zKAphKN5sSpO\nznjkUFqj1CfXJGjuMUJGmpPWqXykimwmar1UKEFIwbk6xHxdTd8M6MUUcfyGWmuZ\nwY4fevNs2J4V8D0TmOYdBrkc6TiRVd5jZAuWA1z9milHfMeNFjfKbMCA436nbY36\nHnikVx0FdWqD+wj+m0axYln5OG7Ue316W9ULdxTdraYpmCAY6UhzZj6o6d4ySrpy\nR2P4VfNoOr/wIiRlKaOYcB2P44LBIiHRDjtTK0fs1uQb0sPOm1tacl6mQGxdyCSQ\ncV2SvzYvReJUpCjtsKD6rfI2OMa9Xl5tiqP3SLJHdvWdL5j6vie47Xr9lGI=\n-----END RSA PRIVATE KEY-----\n",
            "private_key_pem_pkcs8": "-----BEGIN PRIVATE KEY-----\nMIIJQgIBADANBgkqhkiG9w0BAQEFAASCCSwwggkoAgEAAoICAQDSXiaMSByeNED3\ncXE/CK802VcLHiP3QYLEnqhkblhi1Lu2pel99hndxD51h9Wnjt4BAVIOFU9sHeQR\n9J0jnM+6yWhhhjH1HkzN0eOURFZOEaM2zs+DcSz1hJHXzOcMMR4XsL+LgnHpbjNy\nS9NktZOnQrpbRi0hQjKc5TpbmibDhIRBn9odR6HqbcXRgOrwDkaZWuIh/74O4TIQ\nU05txzWpO10f0Fipn3oT+Uv6UIUuQ0g7JC1Oj+lxodomiuKk++To7Ybsn+lE6MUN\nLJQp92h0zXSZRcQmNBw++7hEvsfHZaVXX9iK4roWw5LyMY69fbc6HG1Ak4bwq5s5\nHRGruLxb38TuTeLoJFtzbFRY5Z3ij6Q5YQGPqEtOVqZc6xz58ct+4Ztqt7VSisC9\nUeQBHWlmNeM0elwuwCe8Pp0koWeAAv3Cy2ytY+rAkwX1AOVVHOHU1jkKk2XhJ6Tm\nch9EotJ3JtdCcryA2CkKvIDNr63an8HCajoZeY/lrzPLblrLo8/VILnnp5HgHlvs\nQtqj9t7Xx7IonawEk/4tKlYxUFDFGVhN0tUxuj/BTeCE8/E8bb9HBEdnUnsehn5v\nKxQpXrzz14iG2GHn4c1gDERlhe2wAa9/+Y3YIt6bMXT/X3WIqq1uHeVrq+co9Qvy\nnUT6ha/ronNAwib7/sTkSctZ07C8GwIDAQABAoICADhGr5E/iUhZOjf3xQ/Txusg\naUS0H3L5t33Z47paOpLVzhGieMAVof3NjdfrKqDUe1dRfx39XW3S4Txcb90jCf8x\n+hZ8y8iC/pDg4Ty8u0nPNhZnZOQI1ronaMyOKBD+4sn7ooIztz13GZQt7LM4T/Oi\nyi+4qkIHb3rBZ8cxicUsIiVcGgFTNGF+VDkjf7YQW5qS0YO+4p0gaUAsyQJdFGHd\nW6AzIETgQMwvGMAx4i7qGNyZZPVrUkvvvGgrJ05zhF07jainbsPccTqA/nHrmaoF\nfHe0TjDaJ+RBep4JW3BgJMcnAMrGtHl6gEkCMOlIREfrat6nmKWxgqjYue1yUhDV\ncUFGM9mSmceAN4W8Xb+ybRP0Qf2G5I63UA0xPYaSt08eA69hukGb/8Rfgepcd9vx\nstmbPdd/ySqWfav3IsskAJATdy67vR8zRb8c1NF9gwz8FuxgaRIoUrIhY0urXhCV\nZ/PgyBRpApcTdTnejzBL3nmwzceGde5iDTZHWaxHHgzdG2or7Kes04TASGOFuzMg\nWU3tNyOuUHFnCEJDIOcKA3yCsXDJi6pRWCmrOPvn9rTf00LvFSqwyKgsRia+EilR\nDOsNZbv9dUTLuf+gg16Yn5yU5c/mnyOfanXhM2UNDCYabp1xFiia7hVxO1oWHEUj\noNqz6GIN1pbyLi/saKMBAoIBAQD33P5fEVUht7khpoHWGKx6wbXh7Pz+02cbWqtg\nYfODtByzortkYVmD+IiquE0xyCO8+oDcnWTuQbS5wQvzJmbC+NFOi/8vsJW5kzcc\nrrEojZfrs0m0uQNGeAR/UfiotmKRQaPxVgjxEGArKJYEw86gSNnyZuGeKmTGJmKi\nuVJbn3BQRzEZM0+hjElEyXto6hAgxnoENcteFW9hS0kvddUjAo5GmNlV8UEQHbER\naN+vkRQRSUoJb0X5fa470GveBxPGryLub2auRWibIe6aMZzdHa70ZaZzmQezVNDh\n1mzyJCfifOyS8QEQ+qKs6aAJyJy8SFr+DY57nPz4EVtKlOQhAoIBAQDZRgzpMfMr\n8W/33xuEDQH6w+6JrqAzGrhGHnqPxbdmtFsmvxMfjhkPLDGgXK3tlVaolkx/FuKe\njHS++K4iNhW0bgRpUm0YbWf/DH5sXL8jZcg7AmNeghMvbcvAm+1RZ09Zl5YVhbLv\n0ExTmn2Vo3Ls+Z2KsswXef4E+iFL5PCY0NbleIGIIw2TIm963f8N4yDYy1l2hMD8\nnA50JvtadQsFTw2MYeisUQOzpkfkIRxOO8u0yWP7ib8ddEUJ7EKcNQmL8ISlimb8\n9cxSmukDK7RY/L40m3qSI/WFg1auFMQ4UHTNtVzREVlYnBU/1nyDoyhaBNcYOC4M\noz+ts6fSKxi7AoIBAQCMwoHqt0sjZNTMGWUuksCQziVeclmS1bd+P1WH3NiP+N87\n3LSS4v4VBjWGzjd4h/JTxeccYn4JGGNsAgepRCujme4zrylyidPdmY74yPRu1Upr\nXlwDN/Z2NH5JV+Hg3gLH/wD9cyCM1gHnQJtBhXl4aSbslCSYz/Z+2Rm204vD4J3F\n2Ug2yX71fVe2qr1c7V/PXSe58FrXyVCBbmHXhBFQWok16mOyfNm4L0R5YJd3eups\njrRu+zQ/5XHnIgvAAUDn2ln6EmW7nksznmeERZyRrePHg1qt10AaRZaCSmWAdav4\n4XzwTdGPNObhT6PFKppoCqcyE7zQ0myO7Dxt9HRBAoIBAEN+7m3W9YrWIwlmhr67\n57yF92lQFTYq+8nUmBBnxHSkXJipzQAFfaVn/jap8+IVfWk736Gvc1D7oxzcVgQM\ntyto7ffmAjwPaLojoHZ7TWlqqgwizsnCMMGQIza/ebbLGCxl2drvwMmc9MkX+iFt\nODuDw7wdlSdJ326eYY+ZHGDsp4V7rQmkkgf+L5GEu0IOJ9sROMaHsQgIVrkgjv7n\n0zef+j58//Hf7P13D2hAHPH0w3BzC5tNjFBTGUte2MZ7925AloRyfVHh7cpPk0lH\n32uxgEkJb8dMYm5KgbfsfZRc8hwhVicgc5gCTNua/u1J1zQ3wrYkZbHJWPPWFrFE\ncBcCggEAaMKbN8d7YmBeJHvMoCmEo3mxKk7OeORQWqPUJ9ckaO4xQkaak9apfKSK\nbCZqvVQoQUjBuTrEfF1N3wzoxRRx/IZaa5nBjh9682zYnhXwPROY5h0GuRzpOJFV\n3mNkC5YDXP2aKUd8x40WN8pswIDjfqdtjfoeeKRXHQV1aoP7CP6bRrFiWfk4btR7\nfXpb1Qt3FN2tpimYIBjpSHNmPqjp3jJKunJHY/hV82g6v/AiJGUpo5hwHY/jgsEi\nIdEOO1MrR+zW5BvSw86bW1pyXqZAbF3IJJBxXZK/Ni9F4lSkKO2woPqt8jY4xr1e\nXm2Ko/dIskd29Z0vmPq+J7jtev2UYg==\n-----END PRIVATE KEY-----\n",
            "public_key_fingerprint_md5": "e0:b9:1b:1c:28:f8:09:a5:fd:36:9f:7b:1a:99:31:5f",
            "public_key_fingerprint_sha256": "SHA256:lUBif8a948P1lNpdksZMujt1IDpUoi7pcICiKoY91Pw",
            "public_key_openssh": "ssh-rsa AAAAB3NzaC1yc2EAAAADAQABAAACAQDSXiaMSByeNED3cXE/CK802VcLHiP3QYLEnqhkblhi1Lu2pel99hndxD51h9Wnjt4BAVIOFU9sHeQR9J0jnM+6yWhhhjH1HkzN0eOURFZOEaM2zs+DcSz1hJHXzOcMMR4XsL+LgnHpbjNyS9NktZOnQrpbRi0hQjKc5TpbmibDhIRBn9odR6HqbcXRgOrwDkaZWuIh/74O4TIQU05txzWpO10f0Fipn3oT+Uv6UIUuQ0g7JC1Oj+lxodomiuKk++To7Ybsn+lE6MUNLJQp92h0zXSZRcQmNBw++7hEvsfHZaVXX9iK4roWw5LyMY69fbc6HG1Ak4bwq5s5HRGruLxb38TuTeLoJFtzbFRY5Z3ij6Q5YQGPqEtOVqZc6xz58ct+4Ztqt7VSisC9UeQBHWlmNeM0elwuwCe8Pp0koWeAAv3Cy2ytY+rAkwX1AOVVHOHU1jkKk2XhJ6Tmch9EotJ3JtdCcryA2CkKvIDNr63an8HCajoZeY/lrzPLblrLo8/VILnnp5HgHlvsQtqj9t7Xx7IonawEk/4tKlYxUFDFGVhN0tUxuj/BTeCE8/E8bb9HBEdnUnsehn5vKxQpXrzz14iG2GHn4c1gDERlhe2wAa9/+Y3YIt6bMXT/X3WIqq1uHeVrq+co9QvynUT6ha/ronNAwib7/sTkSctZ07C8Gw==\n",
            "public_key_pem": "-----BEGIN PUBLIC KEY-----\nMIICIjANBgkqhkiG9w0BAQEFAAOCAg8AMIICCgKCAgEA0l4mjEgcnjRA93FxPwiv\nNNlXCx4j90GCxJ6oZG5YYtS7tqXpffYZ3cQ+dYfVp47eAQFSDhVPbB3kEfSdI5zP\nusloYYYx9R5MzdHjlERWThGjNs7Pg3Es9YSR18znDDEeF7C/i4Jx6W4zckvTZLWT\np0K6W0YtIUIynOU6W5omw4SEQZ/aHUeh6m3F0YDq8A5GmVriIf++DuEyEFNObcc1\nqTtdH9BYqZ96E/lL+lCFLkNIOyQtTo/pcaHaJoripPvk6O2G7J/pROjFDSyUKfdo\ndM10mUXEJjQcPvu4RL7Hx2WlV1/YiuK6FsOS8jGOvX23OhxtQJOG8KubOR0Rq7i8\nW9/E7k3i6CRbc2xUWOWd4o+kOWEBj6hLTlamXOsc+fHLfuGbare1UorAvVHkAR1p\nZjXjNHpcLsAnvD6dJKFngAL9wstsrWPqwJMF9QDlVRzh1NY5CpNl4Sek5nIfRKLS\ndybXQnK8gNgpCryAza+t2p/Bwmo6GXmP5a8zy25ay6PP1SC556eR4B5b7ELao/be\n18eyKJ2sBJP+LSpWMVBQxRlYTdLVMbo/wU3ghPPxPG2/RwRHZ1J7HoZ+bysUKV68\n89eIhthh5+HNYAxEZYXtsAGvf/mN2CLemzF0/191iKqtbh3la6vnKPUL8p1E+oWv\n66JzQMIm+/7E5EnLWdOwvBsCAwEAAQ==\n-----END PUBLIC KEY-----\n",
            "rsa_bits": 4096
          },
          "sensitive_attributes": []
        }
      ]
    },
    {
      "module": "module.igw",
      "mode": "managed",
      "type": "aws_internet_gateway",
      "name": "igw",
      "provider": "provider[\"registry.terraform.io/hashicorp/aws\"]",
      "instances": [
        {
          "schema_version": 0,
          "attributes": {
            "arn": "arn:aws:ec2:us-east-1:391112142601:internet-gateway/igw-093003395c9fa76a6",
            "id": "igw-093003395c9fa76a6",
            "owner_id": "391112142601",
            "tags": {
              "Name": "igw",
              "Owner": "dheerendra"
            },
            "tags_all": {
              "Name": "igw",
              "Owner": "dheerendra"
            },
            "timeouts": null,
            "vpc_id": "vpc-035a9d479e42ca204"
          },
          "sensitive_attributes": [],
          "private": "eyJlMmJmYjczMC1lY2FhLTExZTYtOGY4OC0zNDM2M2JjN2M0YzAiOnsiY3JlYXRlIjoxMjAwMDAwMDAwMDAwLCJkZWxldGUiOjEyMDAwMDAwMDAwMDAsInVwZGF0ZSI6MTIwMDAwMDAwMDAwMH19",
          "dependencies": [
            "module.vpc.aws_vpc.my_vpc"
          ]
        }
      ]
    },
    {
      "module": "module.master",
      "mode": "managed",
      "type": "aws_instance",
      "name": "ec2",
      "provider": "provider[\"registry.terraform.io/hashicorp/aws\"]",
      "instances": [
        {
          "schema_version": 1,
          "attributes": {
            "ami": "ami-08c40ec9ead489470",
            "arn": "arn:aws:ec2:us-east-1:391112142601:instance/i-06497a237ec1321fd",
            "associate_public_ip_address": true,
            "availability_zone": "us-east-1a",
            "capacity_reservation_specification": [
              {
                "capacity_reservation_preference": "open",
                "capacity_reservation_target": []
              }
            ],
            "cpu_core_count": 1,
            "cpu_threads_per_core": 1,
            "credit_specification": [
              {
                "cpu_credits": "standard"
              }
            ],
            "disable_api_stop": false,
            "disable_api_termination": false,
            "ebs_block_device": [],
            "ebs_optimized": false,
            "enclave_options": [
              {
                "enabled": false
              }
            ],
            "ephemeral_block_device": [],
            "get_password_data": false,
            "hibernation": false,
            "host_id": null,
            "host_resource_group_arn": null,
            "iam_instance_profile": "",
            "id": "i-06497a237ec1321fd",
            "instance_initiated_shutdown_behavior": "stop",
            "instance_state": "running",
            "instance_type": "t2.micro",
            "ipv6_address_count": 0,
            "ipv6_addresses": [],
            "key_name": "opensearch",
            "launch_template": [],
            "maintenance_options": [
              {
                "auto_recovery": "default"
              }
            ],
            "metadata_options": [
              {
                "http_endpoint": "enabled",
                "http_put_response_hop_limit": 1,
                "http_tokens": "optional",
                "instance_metadata_tags": "disabled"
              }
            ],
            "monitoring": false,
            "network_interface": [],
            "outpost_arn": "",
            "password_data": "",
            "placement_group": "",
            "placement_partition_number": null,
            "primary_network_interface_id": "eni-0f1307003422165d0",
            "private_dns": "ip-10-0-0-156.ec2.internal",
            "private_dns_name_options": [
              {
                "enable_resource_name_dns_a_record": false,
                "enable_resource_name_dns_aaaa_record": false,
                "hostname_type": "ip-name"
              }
            ],
            "private_ip": "10.0.0.156",
            "public_dns": "",
            "public_ip": "44.200.237.101",
            "root_block_device": [
              {
                "delete_on_termination": true,
                "device_name": "/dev/sda1",
                "encrypted": false,
                "iops": 100,
                "kms_key_id": "",
                "tags": {},
                "throughput": 0,
                "volume_id": "vol-09292f4842760d9bd",
                "volume_size": 8,
                "volume_type": "gp2"
              }
            ],
            "secondary_private_ips": [],
            "security_groups": [],
            "source_dest_check": true,
            "subnet_id": "subnet-0ef089adcd82adbd4",
            "tags": {
              "Name": "master",
              "Owner": "dheerendra"
            },
            "tags_all": {
              "Name": "master",
              "Owner": "dheerendra"
            },
            "tenancy": "default",
            "timeouts": null,
            "user_data": null,
            "user_data_base64": null,
            "user_data_replace_on_change": false,
            "volume_tags": null,
            "vpc_security_group_ids": [
              "sg-0af99e3c9c96fe8d9"
            ]
          },
          "sensitive_attributes": [],
          "private": "eyJlMmJmYjczMC1lY2FhLTExZTYtOGY4OC0zNDM2M2JjN2M0YzAiOnsiY3JlYXRlIjo2MDAwMDAwMDAwMDAsImRlbGV0ZSI6MTIwMDAwMDAwMDAwMCwidXBkYXRlIjo2MDAwMDAwMDAwMDB9LCJzY2hlbWFfdmVyc2lvbiI6IjEifQ==",
          "dependencies": [
            "module.access_key.aws_key_pair.keypair",
            "module.access_key.tls_private_key.rsa",
            "module.pb_sg.aws_security_group.public_security_group",
            "module.public_subnet.aws_subnet.public_subnet",
            "module.vpc.aws_vpc.my_vpc"
          ]
        }
      ]
    },
    {
      "module": "module.nat",
      "mode": "managed",
      "type": "aws_eip",
      "name": "nat_eip",
      "provider": "provider[\"registry.terraform.io/hashicorp/aws\"]",
      "instances": [
        {
          "schema_version": 0,
          "attributes": {
            "address": null,
            "allocation_id": "eipalloc-0148329cbc317b3bd",
            "associate_with_private_ip": null,
            "association_id": "",
            "carrier_ip": "",
            "customer_owned_ip": "",
            "customer_owned_ipv4_pool": "",
            "domain": "vpc",
            "id": "eipalloc-0148329cbc317b3bd",
            "instance": "",
            "network_border_group": "us-east-1",
            "network_interface": "",
            "private_dns": null,
            "private_ip": "",
            "public_dns": "ec2-54-88-246-237.compute-1.amazonaws.com",
            "public_ip": "54.88.246.237",
            "public_ipv4_pool": "amazon",
            "tags": null,
            "tags_all": {},
            "timeouts": null,
            "vpc": true
          },
          "sensitive_attributes": [],
          "private": "eyJlMmJmYjczMC1lY2FhLTExZTYtOGY4OC0zNDM2M2JjN2M0YzAiOnsiZGVsZXRlIjoxODAwMDAwMDAwMDAsInJlYWQiOjkwMDAwMDAwMDAwMCwidXBkYXRlIjozMDAwMDAwMDAwMDB9fQ=="
        }
      ]
    },
    {
      "module": "module.nat",
      "mode": "managed",
      "type": "aws_nat_gateway",
      "name": "NAT_gateway",
      "provider": "provider[\"registry.terraform.io/hashicorp/aws\"]",
      "instances": [
        {
          "schema_version": 0,
          "attributes": {
            "allocation_id": "eipalloc-0148329cbc317b3bd",
            "connectivity_type": "public",
            "id": "nat-06c079003ddfc2c2e",
            "network_interface_id": "eni-0681461db89e5a783",
            "private_ip": "10.0.0.112",
            "public_ip": "54.88.246.237",
            "subnet_id": "subnet-0ef089adcd82adbd4",
            "tags": {
              "Name": "nat",
              "Owner": "dheerendra"
            },
            "tags_all": {
              "Name": "nat",
              "Owner": "dheerendra"
            }
          },
          "sensitive_attributes": [],
          "private": "bnVsbA==",
          "dependencies": [
            "module.nat.aws_eip.nat_eip",
            "module.public_subnet.aws_subnet.public_subnet",
            "module.vpc.aws_vpc.my_vpc"
          ]
        }
      ]
    },
    {
      "module": "module.node1",
      "mode": "managed",
      "type": "aws_instance",
      "name": "ec2",
      "provider": "provider[\"registry.terraform.io/hashicorp/aws\"]",
      "instances": [
        {
          "schema_version": 1,
          "attributes": {
            "ami": "ami-08c40ec9ead489470",
            "arn": "arn:aws:ec2:us-east-1:391112142601:instance/i-007b0030beed6ce2a",
            "associate_public_ip_address": false,
            "availability_zone": "us-east-1b",
            "capacity_reservation_specification": [
              {
                "capacity_reservation_preference": "open",
                "capacity_reservation_target": []
              }
            ],
            "cpu_core_count": 1,
            "cpu_threads_per_core": 1,
            "credit_specification": [
              {
                "cpu_credits": "standard"
              }
            ],
            "disable_api_stop": false,
            "disable_api_termination": false,
            "ebs_block_device": [],
            "ebs_optimized": false,
            "enclave_options": [
              {
                "enabled": false
              }
            ],
            "ephemeral_block_device": [],
            "get_password_data": false,
            "hibernation": false,
            "host_id": null,
            "host_resource_group_arn": null,
            "iam_instance_profile": "",
            "id": "i-007b0030beed6ce2a",
            "instance_initiated_shutdown_behavior": "stop",
            "instance_state": "running",
            "instance_type": "t2.micro",
            "ipv6_address_count": 0,
            "ipv6_addresses": [],
            "key_name": "opensearch",
            "launch_template": [],
            "maintenance_options": [
              {
                "auto_recovery": "default"
              }
            ],
            "metadata_options": [
              {
                "http_endpoint": "enabled",
                "http_put_response_hop_limit": 1,
                "http_tokens": "optional",
                "instance_metadata_tags": "disabled"
              }
            ],
            "monitoring": false,
            "network_interface": [],
            "outpost_arn": "",
            "password_data": "",
            "placement_group": "",
            "placement_partition_number": null,
            "primary_network_interface_id": "eni-067233362101b6c62",
            "private_dns": "ip-10-0-48-173.ec2.internal",
            "private_dns_name_options": [
              {
                "enable_resource_name_dns_a_record": false,
                "enable_resource_name_dns_aaaa_record": false,
                "hostname_type": "ip-name"
              }
            ],
            "private_ip": "10.0.48.173",
            "public_dns": "",
            "public_ip": "",
            "root_block_device": [
              {
                "delete_on_termination": true,
                "device_name": "/dev/sda1",
                "encrypted": false,
                "iops": 100,
                "kms_key_id": "",
                "tags": {},
                "throughput": 0,
                "volume_id": "vol-065a526d28359c155",
                "volume_size": 8,
                "volume_type": "gp2"
              }
            ],
            "secondary_private_ips": [],
            "security_groups": [],
            "source_dest_check": true,
            "subnet_id": "subnet-02955e835666d0cdc",
            "tags": {
              "Name": "db_Node1",
              "Owner": "dheerendra"
            },
            "tags_all": {
              "Name": "db_Node1",
              "Owner": "dheerendra"
            },
            "tenancy": "default",
            "timeouts": null,
            "user_data": null,
            "user_data_base64": null,
            "user_data_replace_on_change": false,
            "volume_tags": null,
            "vpc_security_group_ids": [
              "sg-0a837fbbbf7891961"
            ]
          },
          "sensitive_attributes": [],
          "private": "eyJlMmJmYjczMC1lY2FhLTExZTYtOGY4OC0zNDM2M2JjN2M0YzAiOnsiY3JlYXRlIjo2MDAwMDAwMDAwMDAsImRlbGV0ZSI6MTIwMDAwMDAwMDAwMCwidXBkYXRlIjo2MDAwMDAwMDAwMDB9LCJzY2hlbWFfdmVyc2lvbiI6IjEifQ==",
          "dependencies": [
            "module.access_key.aws_key_pair.keypair",
            "module.access_key.tls_private_key.rsa",
            "module.pvt_sg.aws_security_group.private_security_group",
            "module.pvt_subnet1.aws_subnet.private_subnet",
            "module.vpc.aws_vpc.my_vpc"
          ]
        }
      ]
    },
    {
      "module": "module.node2",
      "mode": "managed",
      "type": "aws_instance",
      "name": "ec2",
      "provider": "provider[\"registry.terraform.io/hashicorp/aws\"]",
      "instances": [
        {
          "schema_version": 1,
          "attributes": {
            "ami": "ami-08c40ec9ead489470",
            "arn": "arn:aws:ec2:us-east-1:391112142601:instance/i-0774bca5b0d5ba342",
            "associate_public_ip_address": false,
            "availability_zone": "us-east-1c",
            "capacity_reservation_specification": [
              {
                "capacity_reservation_preference": "open",
                "capacity_reservation_target": []
              }
            ],
            "cpu_core_count": 1,
            "cpu_threads_per_core": 1,
            "credit_specification": [
              {
                "cpu_credits": "standard"
              }
            ],
            "disable_api_stop": false,
            "disable_api_termination": false,
            "ebs_block_device": [],
            "ebs_optimized": false,
            "enclave_options": [
              {
                "enabled": false
              }
            ],
            "ephemeral_block_device": [],
            "get_password_data": false,
            "hibernation": false,
            "host_id": null,
            "host_resource_group_arn": null,
            "iam_instance_profile": "",
            "id": "i-0774bca5b0d5ba342",
            "instance_initiated_shutdown_behavior": "stop",
            "instance_state": "running",
            "instance_type": "t2.micro",
            "ipv6_address_count": 0,
            "ipv6_addresses": [],
            "key_name": "opensearch",
            "launch_template": [],
            "maintenance_options": [
              {
                "auto_recovery": "default"
              }
            ],
            "metadata_options": [
              {
                "http_endpoint": "enabled",
                "http_put_response_hop_limit": 1,
                "http_tokens": "optional",
                "instance_metadata_tags": "disabled"
              }
            ],
            "monitoring": false,
            "network_interface": [],
            "outpost_arn": "",
            "password_data": "",
            "placement_group": "",
            "placement_partition_number": null,
            "primary_network_interface_id": "eni-0a3bf7bda26203722",
            "private_dns": "ip-10-0-128-70.ec2.internal",
            "private_dns_name_options": [
              {
                "enable_resource_name_dns_a_record": false,
                "enable_resource_name_dns_aaaa_record": false,
                "hostname_type": "ip-name"
              }
            ],
            "private_ip": "10.0.128.70",
            "public_dns": "",
            "public_ip": "",
            "root_block_device": [
              {
                "delete_on_termination": true,
                "device_name": "/dev/sda1",
                "encrypted": false,
                "iops": 100,
                "kms_key_id": "",
                "tags": {},
                "throughput": 0,
                "volume_id": "vol-037522e37fbe07b49",
                "volume_size": 8,
                "volume_type": "gp2"
              }
            ],
            "secondary_private_ips": [],
            "security_groups": [],
            "source_dest_check": true,
            "subnet_id": "subnet-0ca6bc47a3362a902",
            "tags": {
              "Name": "db_Node2",
              "Owner": "dheerendra"
            },
            "tags_all": {
              "Name": "db_Node2",
              "Owner": "dheerendra"
            },
            "tenancy": "default",
            "timeouts": null,
            "user_data": null,
            "user_data_base64": null,
            "user_data_replace_on_change": false,
            "volume_tags": null,
            "vpc_security_group_ids": [
              "sg-0a837fbbbf7891961"
            ]
          },
          "sensitive_attributes": [],
          "private": "eyJlMmJmYjczMC1lY2FhLTExZTYtOGY4OC0zNDM2M2JjN2M0YzAiOnsiY3JlYXRlIjo2MDAwMDAwMDAwMDAsImRlbGV0ZSI6MTIwMDAwMDAwMDAwMCwidXBkYXRlIjo2MDAwMDAwMDAwMDB9LCJzY2hlbWFfdmVyc2lvbiI6IjEifQ==",
          "dependencies": [
            "module.access_key.aws_key_pair.keypair",
            "module.access_key.tls_private_key.rsa",
            "module.pvt_sg.aws_security_group.private_security_group",
            "module.pvt_subnet2.aws_subnet.private_subnet",
            "module.vpc.aws_vpc.my_vpc"
          ]
        }
      ]
    },
    {
      "module": "module.pb_sg",
      "mode": "managed",
      "type": "aws_security_group",
      "name": "public_security_group",
      "provider": "provider[\"registry.terraform.io/hashicorp/aws\"]",
      "instances": [
        {
          "schema_version": 1,
          "attributes": {
            "arn": "arn:aws:ec2:us-east-1:391112142601:security-group/sg-0af99e3c9c96fe8d9",
            "description": "security group",
            "egress": [
              {
                "cidr_blocks": [
                  "0.0.0.0/0"
                ],
                "description": "",
                "from_port": 0,
                "ipv6_cidr_blocks": [
                  "::/0"
                ],
                "prefix_list_ids": [],
                "protocol": "-1",
                "security_groups": [],
                "self": false,
                "to_port": 0
              }
            ],
            "id": "sg-0af99e3c9c96fe8d9",
            "ingress": [
              {
                "cidr_blocks": [
                  "0.0.0.0/0"
                ],
                "description": "Traffic from VPC",
                "from_port": 22,
                "ipv6_cidr_blocks": [],
                "prefix_list_ids": [],
                "protocol": "tcp",
                "security_groups": [],
                "self": false,
                "to_port": 22
              },
              {
                "cidr_blocks": [
                  "0.0.0.0/0"
                ],
                "description": "Traffic from VPC",
                "from_port": 443,
                "ipv6_cidr_blocks": [],
                "prefix_list_ids": [],
                "protocol": "tcp",
                "security_groups": [],
                "self": false,
                "to_port": 443
              },
              {
                "cidr_blocks": [
                  "0.0.0.0/0"
                ],
                "description": "port for Performance Analyzer ",
                "from_port": 9600,
                "ipv6_cidr_blocks": [],
                "prefix_list_ids": [],
                "protocol": "tcp",
                "security_groups": [],
                "self": false,
                "to_port": 9600
              },
              {
                "cidr_blocks": [
                  "0.0.0.0/0"
                ],
                "description": "port for os-crossCluster-search ",
                "from_port": 9250,
                "ipv6_cidr_blocks": [],
                "prefix_list_ids": [],
                "protocol": "tcp",
                "security_groups": [],
                "self": false,
                "to_port": 9250
              },
              {
                "cidr_blocks": [
                  "0.0.0.0/0"
                ],
                "description": "port for os-dashboard",
                "from_port": 5601,
                "ipv6_cidr_blocks": [],
                "prefix_list_ids": [],
                "protocol": "tcp",
                "security_groups": [],
                "self": false,
                "to_port": 5601
              },
              {
                "cidr_blocks": [
                  "0.0.0.0/0"
                ],
                "description": "port for os-nodeCommunication ",
                "from_port": 9300,
                "ipv6_cidr_blocks": [],
                "prefix_list_ids": [],
                "protocol": "tcp",
                "security_groups": [],
                "self": false,
                "to_port": 9300
              },
              {
                "cidr_blocks": [
                  "0.0.0.0/0"
                ],
                "description": "port for os-rest-api",
                "from_port": 9200,
                "ipv6_cidr_blocks": [],
                "prefix_list_ids": [],
                "protocol": "tcp",
                "security_groups": [],
                "self": false,
                "to_port": 9200
              }
            ],
            "name": "public-sg",
            "name_prefix": "",
            "owner_id": "391112142601",
            "revoke_rules_on_delete": false,
            "tags": {
              "Name": "public-sg",
              "Owner": "dheerendra"
            },
            "tags_all": {
              "Name": "public-sg",
              "Owner": "dheerendra"
            },
            "timeouts": null,
            "vpc_id": "vpc-035a9d479e42ca204"
          },
          "sensitive_attributes": [],
          "private": "eyJlMmJmYjczMC1lY2FhLTExZTYtOGY4OC0zNDM2M2JjN2M0YzAiOnsiY3JlYXRlIjo2MDAwMDAwMDAwMDAsImRlbGV0ZSI6OTAwMDAwMDAwMDAwfSwic2NoZW1hX3ZlcnNpb24iOiIxIn0=",
          "dependencies": [
            "module.vpc.aws_vpc.my_vpc"
          ]
        }
      ]
    },
    {
      "module": "module.public_rtb",
      "mode": "managed",
      "type": "aws_route_table",
      "name": "public_routeTable",
      "provider": "provider[\"registry.terraform.io/hashicorp/aws\"]",
      "instances": [
        {
          "schema_version": 0,
          "attributes": {
            "arn": "arn:aws:ec2:us-east-1:391112142601:route-table/rtb-08d58a83b5b34e31a",
            "id": "rtb-08d58a83b5b34e31a",
            "owner_id": "391112142601",
            "propagating_vgws": [],
            "route": [
              {
                "carrier_gateway_id": "",
                "cidr_block": "0.0.0.0/0",
                "core_network_arn": "",
                "destination_prefix_list_id": "",
                "egress_only_gateway_id": "",
                "gateway_id": "igw-093003395c9fa76a6",
                "instance_id": "",
                "ipv6_cidr_block": "",
                "local_gateway_id": "",
                "nat_gateway_id": "",
                "network_interface_id": "",
                "transit_gateway_id": "",
                "vpc_endpoint_id": "",
                "vpc_peering_connection_id": ""
              }
            ],
            "tags": {
              "Name": "pub_rtb",
              "Owner": "dheerendra"
            },
            "tags_all": {
              "Name": "pub_rtb",
              "Owner": "dheerendra"
            },
            "timeouts": null,
            "vpc_id": "vpc-035a9d479e42ca204"
          },
          "sensitive_attributes": [],
          "private": "eyJlMmJmYjczMC1lY2FhLTExZTYtOGY4OC0zNDM2M2JjN2M0YzAiOnsiY3JlYXRlIjozMDAwMDAwMDAwMDAsImRlbGV0ZSI6MzAwMDAwMDAwMDAwLCJ1cGRhdGUiOjEyMDAwMDAwMDAwMH19",
          "dependencies": [
            "module.igw.aws_internet_gateway.igw",
            "module.vpc.aws_vpc.my_vpc"
          ]
        }
      ]
    },
    {
      "module": "module.public_subnet",
      "mode": "managed",
      "type": "aws_route_table_association",
      "name": "a",
      "provider": "provider[\"registry.terraform.io/hashicorp/aws\"]",
      "instances": [
        {
          "schema_version": 0,
          "attributes": {
            "gateway_id": "",
            "id": "rtbassoc-02844c745aaaad3ed",
            "route_table_id": "rtb-08d58a83b5b34e31a",
            "subnet_id": "subnet-0ef089adcd82adbd4"
          },
          "sensitive_attributes": [],
          "private": "bnVsbA==",
          "dependencies": [
            "module.igw.aws_internet_gateway.igw",
            "module.public_rtb.aws_route_table.public_routeTable",
            "module.public_subnet.aws_subnet.public_subnet",
            "module.vpc.aws_vpc.my_vpc"
          ]
        }
      ]
    },
    {
      "module": "module.public_subnet",
      "mode": "managed",
      "type": "aws_subnet",
      "name": "public_subnet",
      "provider": "provider[\"registry.terraform.io/hashicorp/aws\"]",
      "instances": [
        {
          "schema_version": 1,
          "attributes": {
            "arn": "arn:aws:ec2:us-east-1:391112142601:subnet/subnet-0ef089adcd82adbd4",
            "assign_ipv6_address_on_creation": false,
            "availability_zone": "us-east-1a",
            "availability_zone_id": "use1-az1",
            "cidr_block": "10.0.0.0/24",
            "customer_owned_ipv4_pool": "",
            "enable_dns64": false,
            "enable_resource_name_dns_a_record_on_launch": false,
            "enable_resource_name_dns_aaaa_record_on_launch": false,
            "id": "subnet-0ef089adcd82adbd4",
            "ipv6_cidr_block": "",
            "ipv6_cidr_block_association_id": "",
            "ipv6_native": false,
            "map_customer_owned_ip_on_launch": false,
            "map_public_ip_on_launch": true,
            "outpost_arn": "",
            "owner_id": "391112142601",
            "private_dns_hostname_type_on_launch": "ip-name",
            "tags": {
              "Name": "pb_subnet",
              "Owner": "dheerendra"
            },
            "tags_all": {
              "Name": "pb_subnet",
              "Owner": "dheerendra"
            },
            "timeouts": null,
            "vpc_id": "vpc-035a9d479e42ca204"
          },
          "sensitive_attributes": [],
          "private": "eyJlMmJmYjczMC1lY2FhLTExZTYtOGY4OC0zNDM2M2JjN2M0YzAiOnsiY3JlYXRlIjo2MDAwMDAwMDAwMDAsImRlbGV0ZSI6MTIwMDAwMDAwMDAwMH0sInNjaGVtYV92ZXJzaW9uIjoiMSJ9",
          "dependencies": [
            "module.vpc.aws_vpc.my_vpc"
          ]
        }
      ]
    },
    {
      "module": "module.pvt_rtb",
      "mode": "managed",
      "type": "aws_route_table",
      "name": "private_routeTable",
      "provider": "provider[\"registry.terraform.io/hashicorp/aws\"]",
      "instances": [
        {
          "schema_version": 0,
          "attributes": {
            "arn": "arn:aws:ec2:us-east-1:391112142601:route-table/rtb-0388305c53a1436c3",
            "id": "rtb-0388305c53a1436c3",
            "owner_id": "391112142601",
            "propagating_vgws": [],
            "route": [
              {
                "carrier_gateway_id": "",
                "cidr_block": "0.0.0.0/0",
                "core_network_arn": "",
                "destination_prefix_list_id": "",
                "egress_only_gateway_id": "",
                "gateway_id": "igw-093003395c9fa76a6",
                "instance_id": "",
                "ipv6_cidr_block": "",
                "local_gateway_id": "",
                "nat_gateway_id": "",
                "network_interface_id": "",
                "transit_gateway_id": "",
                "vpc_endpoint_id": "",
                "vpc_peering_connection_id": ""
              }
            ],
            "tags": {
              "Name": "pvt_rtb",
              "Owner": "dheerendra"
            },
            "tags_all": {
              "Name": "pvt_rtb",
              "Owner": "dheerendra"
            },
            "timeouts": null,
            "vpc_id": "vpc-035a9d479e42ca204"
          },
          "sensitive_attributes": [],
          "private": "eyJlMmJmYjczMC1lY2FhLTExZTYtOGY4OC0zNDM2M2JjN2M0YzAiOnsiY3JlYXRlIjozMDAwMDAwMDAwMDAsImRlbGV0ZSI6MzAwMDAwMDAwMDAwLCJ1cGRhdGUiOjEyMDAwMDAwMDAwMH19",
          "dependencies": [
            "module.igw.aws_internet_gateway.igw",
            "module.vpc.aws_vpc.my_vpc"
          ]
        }
      ]
    },
    {
      "module": "module.pvt_sg",
      "mode": "managed",
      "type": "aws_security_group",
      "name": "private_security_group",
      "provider": "provider[\"registry.terraform.io/hashicorp/aws\"]",
      "instances": [
        {
          "schema_version": 1,
          "attributes": {
            "arn": "arn:aws:ec2:us-east-1:391112142601:security-group/sg-0a837fbbbf7891961",
            "description": "security group",
            "egress": [
              {
                "cidr_blocks": [
                  "0.0.0.0/0"
                ],
                "description": "",
                "from_port": 0,
                "ipv6_cidr_blocks": [
                  "::/0"
                ],
                "prefix_list_ids": [],
                "protocol": "-1",
                "security_groups": [],
                "self": false,
                "to_port": 0
              }
            ],
            "id": "sg-0a837fbbbf7891961",
            "ingress": [
              {
                "cidr_blocks": [
                  "10.0.0.0/16"
                ],
                "description": "Traffic from VPC",
                "from_port": 22,
                "ipv6_cidr_blocks": [],
                "prefix_list_ids": [],
                "protocol": "tcp",
                "security_groups": [],
                "self": false,
                "to_port": 22
              },
              {
                "cidr_blocks": [
                  "10.0.0.0/16"
                ],
                "description": "Traffic from VPC",
                "from_port": 443,
                "ipv6_cidr_blocks": [],
                "prefix_list_ids": [],
                "protocol": "tcp",
                "security_groups": [],
                "self": false,
                "to_port": 443
              },
              {
                "cidr_blocks": [
                  "10.0.0.0/16"
                ],
                "description": "port for Performance Analyzer ",
                "from_port": 9600,
                "ipv6_cidr_blocks": [],
                "prefix_list_ids": [],
                "protocol": "tcp",
                "security_groups": [],
                "self": false,
                "to_port": 9600
              },
              {
                "cidr_blocks": [
                  "10.0.0.0/16"
                ],
                "description": "port for os-crossCluster-search ",
                "from_port": 9250,
                "ipv6_cidr_blocks": [],
                "prefix_list_ids": [],
                "protocol": "tcp",
                "security_groups": [],
                "self": false,
                "to_port": 9250
              },
              {
                "cidr_blocks": [
                  "10.0.0.0/16"
                ],
                "description": "port for os-dashboard ",
                "from_port": 5601,
                "ipv6_cidr_blocks": [],
                "prefix_list_ids": [],
                "protocol": "tcp",
                "security_groups": [],
                "self": false,
                "to_port": 5601
              },
              {
                "cidr_blocks": [
                  "10.0.0.0/16"
                ],
                "description": "port for os-nodeCommunication ",
                "from_port": 9300,
                "ipv6_cidr_blocks": [],
                "prefix_list_ids": [],
                "protocol": "tcp",
                "security_groups": [],
                "self": false,
                "to_port": 9300
              },
              {
                "cidr_blocks": [
                  "10.0.0.0/16"
                ],
                "description": "port for os-rest-api ",
                "from_port": 9200,
                "ipv6_cidr_blocks": [],
                "prefix_list_ids": [],
                "protocol": "tcp",
                "security_groups": [],
                "self": false,
                "to_port": 9200
              }
            ],
            "name": "pvt-sg",
            "name_prefix": "",
            "owner_id": "391112142601",
            "revoke_rules_on_delete": false,
            "tags": {
              "Name": "private-sg",
              "Owner": "dheerendra"
            },
            "tags_all": {
              "Name": "private-sg",
              "Owner": "dheerendra"
            },
            "timeouts": null,
            "vpc_id": "vpc-035a9d479e42ca204"
          },
          "sensitive_attributes": [],
          "private": "eyJlMmJmYjczMC1lY2FhLTExZTYtOGY4OC0zNDM2M2JjN2M0YzAiOnsiY3JlYXRlIjo2MDAwMDAwMDAwMDAsImRlbGV0ZSI6OTAwMDAwMDAwMDAwfSwic2NoZW1hX3ZlcnNpb24iOiIxIn0=",
          "dependencies": [
            "module.vpc.aws_vpc.my_vpc"
          ]
        }
      ]
    },
    {
      "module": "module.pvt_subnet1",
      "mode": "managed",
      "type": "aws_route_table_association",
      "name": "b",
      "provider": "provider[\"registry.terraform.io/hashicorp/aws\"]",
      "instances": [
        {
          "schema_version": 0,
          "attributes": {
            "gateway_id": "",
            "id": "rtbassoc-075b22fc95309002a",
            "route_table_id": "rtb-0388305c53a1436c3",
            "subnet_id": "subnet-02955e835666d0cdc"
          },
          "sensitive_attributes": [],
          "private": "bnVsbA==",
          "dependencies": [
            "module.igw.aws_internet_gateway.igw",
            "module.pvt_rtb.aws_route_table.private_routeTable",
            "module.pvt_subnet1.aws_subnet.private_subnet",
            "module.vpc.aws_vpc.my_vpc"
          ]
        }
      ]
    },
    {
      "module": "module.pvt_subnet1",
      "mode": "managed",
      "type": "aws_subnet",
      "name": "private_subnet",
      "provider": "provider[\"registry.terraform.io/hashicorp/aws\"]",
      "instances": [
        {
          "schema_version": 1,
          "attributes": {
            "arn": "arn:aws:ec2:us-east-1:391112142601:subnet/subnet-02955e835666d0cdc",
            "assign_ipv6_address_on_creation": false,
            "availability_zone": "us-east-1b",
            "availability_zone_id": "use1-az2",
            "cidr_block": "10.0.48.0/24",
            "customer_owned_ipv4_pool": "",
            "enable_dns64": false,
            "enable_resource_name_dns_a_record_on_launch": false,
            "enable_resource_name_dns_aaaa_record_on_launch": false,
            "id": "subnet-02955e835666d0cdc",
            "ipv6_cidr_block": "",
            "ipv6_cidr_block_association_id": "",
            "ipv6_native": false,
            "map_customer_owned_ip_on_launch": false,
            "map_public_ip_on_launch": false,
            "outpost_arn": "",
            "owner_id": "391112142601",
            "private_dns_hostname_type_on_launch": "ip-name",
            "tags": {
              "Name": "pvt_subnet1",
              "Owner": "dheerendra"
            },
            "tags_all": {
              "Name": "pvt_subnet1",
              "Owner": "dheerendra"
            },
            "timeouts": null,
            "vpc_id": "vpc-035a9d479e42ca204"
          },
          "sensitive_attributes": [],
          "private": "eyJlMmJmYjczMC1lY2FhLTExZTYtOGY4OC0zNDM2M2JjN2M0YzAiOnsiY3JlYXRlIjo2MDAwMDAwMDAwMDAsImRlbGV0ZSI6MTIwMDAwMDAwMDAwMH0sInNjaGVtYV92ZXJzaW9uIjoiMSJ9",
          "dependencies": [
            "module.vpc.aws_vpc.my_vpc"
          ]
        }
      ]
    },
    {
      "module": "module.pvt_subnet2",
      "mode": "managed",
      "type": "aws_route_table_association",
      "name": "b",
      "provider": "provider[\"registry.terraform.io/hashicorp/aws\"]",
      "instances": [
        {
          "schema_version": 0,
          "attributes": {
            "gateway_id": "",
            "id": "rtbassoc-0e7fd4c728284970c",
            "route_table_id": "rtb-0388305c53a1436c3",
            "subnet_id": "subnet-0ca6bc47a3362a902"
          },
          "sensitive_attributes": [],
          "private": "bnVsbA==",
          "dependencies": [
            "module.igw.aws_internet_gateway.igw",
            "module.pvt_rtb.aws_route_table.private_routeTable",
            "module.pvt_subnet2.aws_subnet.private_subnet",
            "module.vpc.aws_vpc.my_vpc"
          ]
        }
      ]
    },
    {
      "module": "module.pvt_subnet2",
      "mode": "managed",
      "type": "aws_subnet",
      "name": "private_subnet",
      "provider": "provider[\"registry.terraform.io/hashicorp/aws\"]",
      "instances": [
        {
          "schema_version": 1,
          "attributes": {
            "arn": "arn:aws:ec2:us-east-1:391112142601:subnet/subnet-0ca6bc47a3362a902",
            "assign_ipv6_address_on_creation": false,
            "availability_zone": "us-east-1c",
            "availability_zone_id": "use1-az4",
            "cidr_block": "10.0.128.0/24",
            "customer_owned_ipv4_pool": "",
            "enable_dns64": false,
            "enable_resource_name_dns_a_record_on_launch": false,
            "enable_resource_name_dns_aaaa_record_on_launch": false,
            "id": "subnet-0ca6bc47a3362a902",
            "ipv6_cidr_block": "",
            "ipv6_cidr_block_association_id": "",
            "ipv6_native": false,
            "map_customer_owned_ip_on_launch": false,
            "map_public_ip_on_launch": false,
            "outpost_arn": "",
            "owner_id": "391112142601",
            "private_dns_hostname_type_on_launch": "ip-name",
            "tags": {
              "Name": "pvt_subnet2",
              "Owner": "dheerendra"
            },
            "tags_all": {
              "Name": "pvt_subnet2",
              "Owner": "dheerendra"
            },
            "timeouts": null,
            "vpc_id": "vpc-035a9d479e42ca204"
          },
          "sensitive_attributes": [],
          "private": "eyJlMmJmYjczMC1lY2FhLTExZTYtOGY4OC0zNDM2M2JjN2M0YzAiOnsiY3JlYXRlIjo2MDAwMDAwMDAwMDAsImRlbGV0ZSI6MTIwMDAwMDAwMDAwMH0sInNjaGVtYV92ZXJzaW9uIjoiMSJ9",
          "dependencies": [
            "module.vpc.aws_vpc.my_vpc"
          ]
        }
      ]
    },
    {
      "module": "module.vpc",
      "mode": "managed",
      "type": "aws_vpc",
      "name": "my_vpc",
      "provider": "provider[\"registry.terraform.io/hashicorp/aws\"]",
      "instances": [
        {
          "schema_version": 1,
          "attributes": {
            "arn": "arn:aws:ec2:us-east-1:391112142601:vpc/vpc-035a9d479e42ca204",
            "assign_generated_ipv6_cidr_block": false,
            "cidr_block": "10.0.0.0/16",
            "default_network_acl_id": "acl-0baf99a1d1c3c125a",
            "default_route_table_id": "rtb-061f9e000701690f3",
            "default_security_group_id": "sg-0da869411f7668d46",
            "dhcp_options_id": "dopt-0f90da6366b437ecf",
            "enable_classiclink": false,
            "enable_classiclink_dns_support": false,
            "enable_dns_hostnames": false,
            "enable_dns_support": true,
            "enable_network_address_usage_metrics": false,
            "id": "vpc-035a9d479e42ca204",
            "instance_tenancy": "default",
            "ipv4_ipam_pool_id": null,
            "ipv4_netmask_length": null,
            "ipv6_association_id": "",
            "ipv6_cidr_block": "",
            "ipv6_cidr_block_network_border_group": "",
            "ipv6_ipam_pool_id": "",
            "ipv6_netmask_length": 0,
            "main_route_table_id": "rtb-061f9e000701690f3",
            "owner_id": "391112142601",
            "tags": {
              "Name": "my-vpc",
              "Owner": "dheerendra"
            },
            "tags_all": {
              "Name": "my-vpc",
              "Owner": "dheerendra"
            }
          },
          "sensitive_attributes": [],
          "private": "eyJzY2hlbWFfdmVyc2lvbiI6IjEifQ=="
        }
      ]
    }
  ],
  "check_results": null
}
